{
    "_readme": [
        "This file locks the dependencies of your project to a known state",
        "Read more about it at https://getcomposer.org/doc/01-basic-usage.md#installing-dependencies",
        "This file is @generated automatically"
    ],
    "content-hash": "02791751d4b708b202bb94bfbcab201e",
    "packages": [
        {
            "name": "mario-deluna/glm",
            "version": "dev-master",
            "source": {
                "type": "git",
                "url": "https://github.com/mario-deluna/glm.git",
                "reference": "d8871b2a2bb404a3ec4d631782dd6847a9519586"
            },
            "dist": {
                "type": "zip",
                "url": "https://api.github.com/repos/mario-deluna/glm/zipball/d8871b2a2bb404a3ec4d631782dd6847a9519586",
                "reference": "d8871b2a2bb404a3ec4d631782dd6847a9519586",
                "shasum": ""
            },
            "require-dev": {
                "phpunit/phpunit": "^6.5"
            },
            "default-branch": true,
            "type": "library",
            "autoload": {
                "files": [
                    "src/globals.php"
                ],
                "psr-4": {
                    "glm\\": "src/"
                }
            },
            "notification-url": "https://packagist.org/downloads/",
            "license": [
                "LGPL-3.0-or-later"
            ],
            "authors": [
                {
                    "name": "Santiago Lizardo",
                    "email": "santiago.lizardo@gmail.com"
                }
            ],
            "description": "A port of the OpenGL Mathematics library (GLM) to PHP",
            "support": {
                "source": "https://github.com/mario-deluna/glm/tree/master"
            },
            "time": "2018-10-11T19:24:06+00:00"
        },
        {
            "name": "mario-deluna/php-game-framework",
            "version": "dev-master",
            "source": {
                "type": "git",
                "url": "https://github.com/mario-deluna/php-game-framework.git",
                "reference": "4017e7578d21741c09c602b4aa8ba3205de4c5ee"
            },
            "dist": {
                "type": "zip",
                "url": "https://api.github.com/repos/mario-deluna/php-game-framework/zipball/4017e7578d21741c09c602b4aa8ba3205de4c5ee",
                "reference": "4017e7578d21741c09c602b4aa8ba3205de4c5ee",
                "shasum": ""
            },
            "require": {
                "mario-deluna/glm": "dev-master"
            },
            "default-branch": true,
            "type": "library",
            "autoload": {
                "psr-4": {
                    "PGF\\": "src/"
                }
            },
            "notification-url": "https://packagist.org/downloads/",
            "authors": [
                {
                    "name": "Mario Döring",
                    "email": "mario@clancats.com"
                }
            ],
            "support": {
                "issues": "https://github.com/mario-deluna/php-game-framework/issues",
                "source": "https://github.com/mario-deluna/php-game-framework/tree/master"
            },
            "time": "2022-09-26T12:57:31+00:00"
        }
    ],
    "packages-dev": [],
    "aliases": [],
    "minimum-stability": "dev",
    "stability-flags": [],
    "prefer-stable": false,
    "prefer-lowest": false,
    "platform": [],
    "platform-dev": [],
    "plugin-api-version": "2.3.0"
}
